
Microsoft Visual Studio Solution File, Format Version 12.00
# Visual Studio Version 17
VisualStudioVersion = 17.10.35122.118
MinimumVisualStudioVersion = 10.0.40219.1
Project("{9A19103F-16F7-4668-BE54-9A1E7A4F7556}") = "histoteria-api", "histoteria-api\histoteria-api.csproj", "{8C976994-D2F9-419C-9CFA-902BC68E0504}"
EndProject
Project("{E53339B2-1760-4266-BCC7-CA923CBCF16C}") = "docker-compose", "docker-compose.dcproj", "{471C79A2-F266-4617-B80E-0771A73D091D}"
EndProject
Global
	GlobalSection(SolutionConfigurationPlatforms) = preSolution
		Debug|Any CPU = Debug|Any CPU
		Release|Any CPU = Release|Any CPU
	EndGlobalSection
	GlobalSection(ProjectConfigurationPlatforms) = postSolution
		{8C976994-D2F9-419C-9CFA-902BC68E0504}.Debug|Any CPU.ActiveCfg = Debug|Any CPU
		{8C976994-D2F9-419C-9CFA-902BC68E0504}.Debug|Any CPU.Build.0 = Debug|Any CPU
		{8C976994-D2F9-419C-9CFA-902BC68E0504}.Release|Any CPU.ActiveCfg = Release|Any CPU
		{8C976994-D2F9-419C-9CFA-902BC68E0504}.Release|Any CPU.Build.0 = Release|Any CPU
		{471C79A2-F266-4617-B80E-0771A73D091D}.Debug|Any CPU.ActiveCfg = Debug|Any CPU
		{471C79A2-F266-4617-B80E-0771A73D091D}.Debug|Any CPU.Build.0 = Debug|Any CPU
		{471C79A2-F266-4617-B80E-0771A73D091D}.Release|Any CPU.ActiveCfg = Release|Any CPU
		{471C79A2-F266-4617-B80E-0771A73D091D}.Release|Any CPU.Build.0 = Release|Any CPU
	EndGlobalSection
	GlobalSection(SolutionProperties) = preSolution
		HideSolutionNode = FALSE
	EndGlobalSection
	GlobalSection(ExtensibilityGlobals) = postSolution
		SolutionGuid = {819B7AF4-94C9-4C5C-9E32-E98588D1DCB5}
	EndGlobalSection
EndGlobal
